
Microsoft Visual Studio Solution File, Format Version 12.00
# Visual Studio Version 17
VisualStudioVersion = 17.1.32421.90
MinimumVisualStudioVersion = 10.0.40219.1
Project("{FAE04EC0-301F-11D3-BF4B-00C04F79EFBC}") = "DataAcces", "DataAcces\DataAcces.csproj", "{36C67755-BC65-46C5-9769-264A7C251B12}"
EndProject
Project("{FAE04EC0-301F-11D3-BF4B-00C04F79EFBC}") = "Domain", "Domain\Domain.csproj", "{7C3D1939-B809-4EB6-AFF5-3E3C73C862AA}"
EndProject
Project("{FAE04EC0-301F-11D3-BF4B-00C04F79EFBC}") = "Presentation", "Presentation\Presentation.csproj", "{4C1745E1-DEC1-415D-AA76-D11B60B63BEA}"
EndProject
Global
	GlobalSection(SolutionConfigurationPlatforms) = preSolution
		Debug|Any CPU = Debug|Any CPU
		Release|Any CPU = Release|Any CPU
	EndGlobalSection
	GlobalSection(ProjectConfigurationPlatforms) = postSolution
		{36C67755-BC65-46C5-9769-264A7C251B12}.Debug|Any CPU.ActiveCfg = Debug|Any CPU
		{36C67755-BC65-46C5-9769-264A7C251B12}.Debug|Any CPU.Build.0 = Debug|Any CPU
		{36C67755-BC65-46C5-9769-264A7C251B12}.Release|Any CPU.ActiveCfg = Release|Any CPU
		{36C67755-BC65-46C5-9769-264A7C251B12}.Release|Any CPU.Build.0 = Release|Any CPU
		{7C3D1939-B809-4EB6-AFF5-3E3C73C862AA}.Debug|Any CPU.ActiveCfg = Debug|Any CPU
		{7C3D1939-B809-4EB6-AFF5-3E3C73C862AA}.Debug|Any CPU.Build.0 = Debug|Any CPU
		{7C3D1939-B809-4EB6-AFF5-3E3C73C862AA}.Release|Any CPU.ActiveCfg = Release|Any CPU
		{7C3D1939-B809-4EB6-AFF5-3E3C73C862AA}.Release|Any CPU.Build.0 = Release|Any CPU
		{4C1745E1-DEC1-415D-AA76-D11B60B63BEA}.Debug|Any CPU.ActiveCfg = Debug|Any CPU
		{4C1745E1-DEC1-415D-AA76-D11B60B63BEA}.Debug|Any CPU.Build.0 = Debug|Any CPU
		{4C1745E1-DEC1-415D-AA76-D11B60B63BEA}.Release|Any CPU.ActiveCfg = Release|Any CPU
		{4C1745E1-DEC1-415D-AA76-D11B60B63BEA}.Release|Any CPU.Build.0 = Release|Any CPU
	EndGlobalSection
	GlobalSection(SolutionProperties) = preSolution
		HideSolutionNode = FALSE
	EndGlobalSection
	GlobalSection(ExtensibilityGlobals) = postSolution
		SolutionGuid = {6A29313E-9FB9-44E8-BD65-387622DDA920}
	EndGlobalSection
EndGlobal
